lockfileVersion: '9.0'

settings:
  autoInstallPeers: true
  excludeLinksFromLockfile: false

importers:

  .:
    dependencies:
      '@element-plus/icons-vue':
        specifier: ^2.3.1
        version: 2.3.2(vue@3.5.38(typescript@5.9.3))
      echarts:
        specifier: ^5.6.0
        version: 5.6.0
      element-plus:
        specifier: ^2.8.4
        version: 2.14.2(vue@3.5.38(typescript@5.9.3))
      pinia:
        specifier: ^2.2.4
        version: 2.3.1(typescript@5.9.3)(vue@3.5.38(typescript@5.9.3))
      vue:
        specifier: ^3.5.12
        version: 3.5.38(typescript@5.9.3)
      vue-router:
        specifier: ^4.4.5
        version: 4.6.4(vue@3.5.38(typescript@5.9.3))
      vue-virtual-scroller:
        specifier: ^3.0.4
        version: 3.0.4(vue@3.5.38(typescript@5.9.3))
    devDependencies:
      '@vitejs/plugin-vue':
        specifier: ^5.1.4
        version: 5.2.4(vite@5.4.21)(vue@3.5.38(typescript@5.9.3))
      typescript:
        specifier: ^5.6.3
        version: 5.9.3
      vite:
        specifier: ^5.4.10
        version: 5.4.21
      vue-tsc:
        specifier: ^2.1.10
        version: 2.2.12(typescript@5.9.3)

packages:

  '@babel/helper-string-parser@7.29.7':
    resolution: {integrity: sha512-Pb5ijPrZ89GDH8223L4UP8i6QApWxs04RbPQJTeWDV0/keR2E36MeKnyr6LYmUUvqRRI+Iv87SuF1W6ErINzYw==}
    engines: {node: '>=6.9.0'}

  '@babel/helper-validator-identifier@7.29.7':
    resolution: {integrity: sha512-qehxGkRj55h/ff8EMaJ+cYhyaKlHIxqYDn682wQD7RNp9UujOQsHog2uS0r2vzr4pW+sXf90NeeayjcNaX3fFg==}
    engines: {node: '>=6.9.0'}

  '@babel/parser@7.29.7':
    resolution: {integrity: sha512-hnORnjP/1P/zFEndoeX+n+t1RwWRJiJpM/jO7FW32Kn9r5+sJB2JWOdYo4L6k78j15eCwY3Gm/7364B1EMwtNg==}
    engines: {node: '>=6.0.0'}
    hasBin: true

  '@babel/types@7.29.7':
    resolution: {integrity: sha512-4zBIxpPzowiZpusoFkyGVwakdRJUyuH5PxQ/PrqghfdFWWasvnCdPfQXHrenDai+gyLARulZjZowCOj6fjT4pA==}
    engines: {node: '>=6.9.0'}

  '@ctrl/tinycolor@4.2.0':
    resolution: {integrity: sha512-kzyuwOAQnXJNLS9PSyrk0CWk35nWJW/zl/6KvnTBMFK65gm7U1/Z5BqjxeapjZCIhQcM/DsrEmcbRwDyXyXK4A==}
    engines: {node: '>=14'}

  '@element-plus/icons-vue@2.3.2':
    resolution: {integrity: sha512-OzIuTaIfC8QXEPmJvB4Y4kw34rSXdCJzxcD1kFStBvr8bK6X1zQAYDo0CNMjojnfTqRQCJ0I7prlErcoRiET2A==}
    peerDependencies:
      vue: ^3.2.0

  '@esbuild/aix-ppc64@0.21.5':
    resolution: {integrity: sha512-1SDgH6ZSPTlggy1yI6+Dbkiz8xzpHJEVAlF/AM1tHPLsf5STom9rwtjE4hKAF20FfXXNTFqEYXyJNWh1GiZedQ==}
    engines: {node: '>=12'}
    cpu: [ppc64]
    os: [aix]

  '@esbuild/android-arm64@0.21.5':
    resolution: {integrity: sha512-c0uX9VAUBQ7dTDCjq+wdyGLowMdtR/GoC2U5IYk/7D1H1JYC0qseD7+11iMP2mRLN9RcCMRcjC4YMclCzGwS/A==}
    engines: {node: '>=12'}
    cpu: [arm64]
    os: [android]

  '@esbuild/android-arm@0.21.5':
    resolution: {integrity: sha512-vCPvzSjpPHEi1siZdlvAlsPxXl7WbOVUBBAowWug4rJHb68Ox8KualB+1ocNvT5fjv6wpkX6o/iEpbDrf68zcg==}
    engines: {node: '>=12'}
    cpu: [arm]
    os: [android]

  '@esbuild/android-x64@0.21.5':
    resolution: {integrity: sha512-D7aPRUUNHRBwHxzxRvp856rjUHRFW1SdQATKXH2hqA0kAZb1hKmi02OpYRacl0TxIGz/ZmXWlbZgjwWYaCakTA==}
    engines: {node: '>=12'}
    cpu: [x64]
    os: [android]

  '@esbuild/darwin-arm64@0.21.5':
    resolution: {integrity: sha512-DwqXqZyuk5AiWWf3UfLiRDJ5EDd49zg6O9wclZ7kUMv2WRFr4HKjXp/5t8JZ11QbQfUS6/cRCKGwYhtNAY88kQ==}
    engines: {node: '>=12'}
    cpu: [arm64]
    os: [darwin]

  '@esbuild/darwin-x64@0.21.5':
    resolution: {integrity: sha512-se/JjF8NlmKVG4kNIuyWMV/22ZaerB+qaSi5MdrXtd6R08kvs2qCN4C09miupktDitvh8jRFflwGFBQcxZRjbw==}
    engines: {node: '>=12'}
    cpu: [x64]
    os: [darwin]

  '@esbuild/freebsd-arm64@0.21.5':
    resolution: {integrity: sha512-5JcRxxRDUJLX8JXp/wcBCy3pENnCgBR9bN6JsY4OmhfUtIHe3ZW0mawA7+RDAcMLrMIZaf03NlQiX9DGyB8h4g==}
    engines: {node: '>=12'}
    cpu: [arm64]
    os: [freebsd]

  '@esbuild/freebsd-x64@0.21.5':
    resolution: {integrity: sha512-J95kNBj1zkbMXtHVH29bBriQygMXqoVQOQYA+ISs0/2l3T9/kj42ow2mpqerRBxDJnmkUDCaQT/dfNXWX/ZZCQ==}
    engines: {node: '>=12'}
    cpu: [x64]
    os: [freebsd]

  '@esbuild/linux-arm64@0.21.5':
    resolution: {integrity: sha512-ibKvmyYzKsBeX8d8I7MH/TMfWDXBF3db4qM6sy+7re0YXya+K1cem3on9XgdT2EQGMu4hQyZhan7TeQ8XkGp4Q==}
    engines: {node: '>=12'}
    cpu: [arm64]
    os: [linux]

  '@esbuild/linux-arm@0.21.5':
    resolution: {integrity: sha512-bPb5AHZtbeNGjCKVZ9UGqGwo8EUu4cLq68E95A53KlxAPRmUyYv2D6F0uUI65XisGOL1hBP5mTronbgo+0bFcA==}
    engines: {node: '>=12'}
    cpu: [arm]
    os: [linux]

  '@esbuild/linux-ia32@0.21.5':
    resolution: {integrity: sha512-YvjXDqLRqPDl2dvRODYmmhz4rPeVKYvppfGYKSNGdyZkA01046pLWyRKKI3ax8fbJoK5QbxblURkwK/MWY18Tg==}
    engines: {node: '>=12'}
    cpu: [ia32]
    os: [linux]

  '@esbuild/linux-loong64@0.21.5':
    resolution: {integrity: sha512-uHf1BmMG8qEvzdrzAqg2SIG/02+4/DHB6a9Kbya0XDvwDEKCoC8ZRWI5JJvNdUjtciBGFQ5PuBlpEOXQj+JQSg==}
    engines: {node: '>=12'}
    cpu: [loong64]
    os: [linux]

  '@esbuild/linux-mips64el@0.21.5':
    resolution: {integrity: sha512-IajOmO+KJK23bj52dFSNCMsz1QP1DqM6cwLUv3W1QwyxkyIWecfafnI555fvSGqEKwjMXVLokcV5ygHW5b3Jbg==}
    engines: {node: '>=12'}
    cpu: [mips64el]
    os: [linux]

  '@esbuild/linux-ppc64@0.21.5':
    resolution: {integrity: sha512-1hHV/Z4OEfMwpLO8rp7CvlhBDnjsC3CttJXIhBi+5Aj5r+MBvy4egg7wCbe//hSsT+RvDAG7s81tAvpL2XAE4w==}
    engines: {node: '>=12'}
    cpu: [ppc64]
    os: [linux]

  '@esbuild/linux-riscv64@0.21.5':
    resolution: {integrity: sha512-2HdXDMd9GMgTGrPWnJzP2ALSokE/0O5HhTUvWIbD3YdjME8JwvSCnNGBnTThKGEB91OZhzrJ4qIIxk/SBmyDDA==}
    engines: {node: '>=12'}
    cpu: [riscv64]
    os: [linux]

  '@esbuild/linux-s390x@0.21.5':
    resolution: {integrity: sha512-zus5sxzqBJD3eXxwvjN1yQkRepANgxE9lgOW2qLnmr8ikMTphkjgXu1HR01K4FJg8h1kEEDAqDcZQtbrRnB41A==}
    engines: {node: '>=12'}
    cpu: [s390x]
    os: [linux]

  '@esbuild/linux-x64@0.21.5':
    resolution: {integrity: sha512-1rYdTpyv03iycF1+BhzrzQJCdOuAOtaqHTWJZCWvijKD2N5Xu0TtVC8/+1faWqcP9iBCWOmjmhoH94dH82BxPQ==}
    engines: {node: '>=12'}
    cpu: [x64]
    os: [linux]

  '@esbuild/netbsd-x64@0.21.5':
    resolution: {integrity: sha512-Woi2MXzXjMULccIwMnLciyZH4nCIMpWQAs049KEeMvOcNADVxo0UBIQPfSmxB3CWKedngg7sWZdLvLczpe0tLg==}
    engines: {node: '>=12'}
    cpu: [x64]
    os: [netbsd]

  '@esbuild/openbsd-x64@0.21.5':
    resolution: {integrity: sha512-HLNNw99xsvx12lFBUwoT8EVCsSvRNDVxNpjZ7bPn947b8gJPzeHWyNVhFsaerc0n3TsbOINvRP2byTZ5LKezow==}
    engines: {node: '>=12'}
    cpu: [x64]
    os: [openbsd]

  '@esbuild/sunos-x64@0.21.5':
    resolution: {integrity: sha512-6+gjmFpfy0BHU5Tpptkuh8+uw3mnrvgs+dSPQXQOv3ekbordwnzTVEb4qnIvQcYXq6gzkyTnoZ9dZG+D4garKg==}
    engines: {node: '>=12'}
    cpu: [x64]
    os: [sunos]

  '@esbuild/win32-arm64@0.21.5':
    resolution: {integrity: sha512-Z0gOTd75VvXqyq7nsl93zwahcTROgqvuAcYDUr+vOv8uHhNSKROyU961kgtCD1e95IqPKSQKH7tBTslnS3tA8A==}
    engines: {node: '>=12'}
    cpu: [arm64]
    os: [win32]

  '@esbuild/win32-ia32@0.21.5':
    resolution: {integrity: sha512-SWXFF1CL2RVNMaVs+BBClwtfZSvDgtL//G/smwAc5oVK/UPu2Gu9tIaRgFmYFFKrmg3SyAjSrElf0TiJ1v8fYA==}
    engines: {node: '>=12'}
    cpu: [ia32]
    os: [win32]

  '@esbuild/win32-x64@0.21.5':
    resolution: {integrity: sha512-tQd/1efJuzPC6rCFwEvLtci/xNFcTZknmXs98FYDfGE4wP9ClFV98nyKrzJKVPMhdDnjzLhdUyMX4PsQAPjwIw==}
    engines: {node: '>=12'}
    cpu: [x64]
    os: [win32]

  '@floating-ui/core@1.7.5':
    resolution: {integrity: sha512-1Ih4WTWyw0+lKyFMcBHGbb5U5FtuHJuujoyyr5zTaWS5EYMeT6Jb2AuDeftsCsEuchO+mM2ij5+q9crhydzLhQ==}

  '@floating-ui/dom@1.7.6':
    resolution: {integrity: sha512-9gZSAI5XM36880PPMm//9dfiEngYoC6Am2izES1FF406YFsjvyBMmeJ2g4SAju3xWwtuynNRFL2s9hgxpLI5SQ==}

  '@floating-ui/utils@0.2.11':
    resolution: {integrity: sha512-RiB/yIh78pcIxl6lLMG0CgBXAZ2Y0eVHqMPYugu+9U0AeT6YBeiJpf7lbdJNIugFP5SIjwNRgo4DhR1Qxi26Gg==}

  '@jridgewell/sourcemap-codec@1.5.5':
    resolution: {integrity: sha512-cYQ9310grqxueWbl+WuIUIaiUaDcj7WOq5fVhEljNVgRfOUhY9fy2zTvfoqWsnebh8Sl70VScFbICvJnLKB0Og==}

  '@rollup/rollup-android-arm-eabi@4.62.2':
    resolution: {integrity: sha512-6o7ZLZK+BeenkZCFNDXqpbjw9bD6nuWonvS/lwQJp7NoVVxm6p3qE7qQ5jGuBjiFsgvqjD8mZAU5oWxTmbOeOg==}
    cpu: [arm]
    os: [android]

  '@rollup/rollup-android-arm64@4.62.2':
    resolution: {integrity: sha512-BaH7BllCACHoH1LguOU56UItGfUWjujlO65kS9LAodViaN4bwIKd7oeW/ZHJ/4ljr/7MIiENnNy3HJ0zXv8Zkw==}
    cpu: [arm64]
    os: [android]

  '@rollup/rollup-darwin-arm64@4.62.2':
    resolution: {integrity: sha512-v39RCCvj4He82I9sFmk+M1VZ0PLM9sfsLVikjfx2hYBNALhrrOR2D3JjQA6AhlaSOgcR+RzrKY7e1+bT6SUO/A==}
    cpu: [arm64]
    os: [darwin]

  '@rollup/rollup-darwin-x64@4.62.2':
    resolution: {integrity: sha512-yl0y2vq3S3lHeuXhEdss6TWfKW8vkujImO12tn4ZkG/4oghr09LvdYm2RElVjokTQiUvDUGXLGsYeLqUMCKpGA==}
    cpu: [x64]
    os: [darwin]

  '@rollup/rollup-freebsd-arm64@4.62.2':
    resolution: {integrity: sha512-tT4pvt4qXD+vEoezupCWi+a1F0vvDiksiHc+PxRlYTOH1I6/X4id9jPxTP+Fg+545euaFT1jJVs4CEdHZAU1vw==}
    cpu: [arm64]
    os: [freebsd]

  '@rollup/rollup-freebsd-x64@4.62.2':
    resolution: {integrity: sha512-6nU5F2wCW+qvCBhTn1pdIU3bzsIoF7EUwsCDRxilWGprQR6yd508YnH9+OKFCwpfS8pjZqDUmnCAr7exax0XCg==}
    cpu: [x64]
    os: [freebsd]

  '@rollup/rollup-linux-arm-gnueabihf@4.62.2':
    resolution: {integrity: sha512-n1GJHPOvpIfhi3TmrCeh6S6URt9BFCt0KQE3qvexyGCTAKpR4Lg+eWvNZEqu7epxwus/8ElT3hacYEucm49SZg==}
    cpu: [arm]
    os: [linux]

  '@rollup/rollup-linux-arm-musleabihf@4.62.2':
    resolution: {integrity: sha512-JqgflS8wEB+UXV/vS1RpRbifGBeN4D5lz8D8oOFbFZw4vedvdOgCFAjfBmIMdW3yL10XpQQ0Ambepw6MXrhOnA==}
    cpu: [arm]
    os: [linux]

  '@rollup/rollup-linux-arm64-gnu@4.62.2':
    resolution: {integrity: sha512-wnFJkogWvN4jm/hQRF2UBaeUmk20j5+DmHvoyWii2b8HJDyvz1MF2OU/6ynXt2KR63rbZLWkFpoytpdc/yBuSA==}
    cpu: [arm64]
    os: [linux]

  '@rollup/rollup-linux-arm64-musl@4.62.2':
    resolution: {integrity: sha512-HVu2bp0zhvJ8xHEV9+UUs7S90VadmBSY3LcIMvozbPo4AuMGDWlz3ymHLHZPX4hR67TKTt8Qp5PJ5RBg/i+RMQ==}
    cpu: [arm64]
    os: [linux]

  '@rollup/rollup-linux-loong64-gnu@4.62.2':
    resolution: {integrity: sha512-mQqqAV8QaoSgr9I2fKDLY2BAVvmKjWoGiu/cSYQonsLvtqwEn1E4QYfnCOcp5zoEqNhsDYin1s6jx/VJmrxlZg==}
    cpu: [loong64]
    os: [linux]

  '@rollup/rollup-linux-loong64-musl@4.62.2':
    resolution: {integrity: sha512-IxKLoxCQ2IWi6bT2akyDUBGsOImDKB+sPp4EsTmwFQ/fMwpCKm8uLSSgP/Kx/QYUgKis6SEZ5/Nlhup0DIA0PQ==}
    cpu: [loong64]
    os: [linux]

  '@rollup/rollup-linux-ppc64-gnu@4.62.2':
    resolution: {integrity: sha512-Mk5ha2RQSgyFfmYYLkBpPnUk8D8FriBxesO1u9O75X0mHgXL1UQcH5Itl2lurWL2tj0RxV9b9tJgipac0hRY9A==}
    cpu: [ppc64]
    os: [linux]

  '@rollup/rollup-linux-ppc64-musl@4.62.2':
    resolution: {integrity: sha512-CjvEnqJL/0/TQ3TXX3OPIJ/kmBellrWd4heXUmHeJlTnmwjKpSJzoehLaL6Xk0ZnMHBu9dZuFADNOrtjF4v+2w==}
    cpu: [ppc64]
    os: [linux]

  '@rollup/rollup-linux-riscv64-gnu@4.62.2':
    resolution: {integrity: sha512-1SiZbzwdkaDURsew/tSOrooKiYy7EQGT6m8ufavAi9NEyQb/6VuIxFXAL1fqa4iZe3g4NbNk4P7J32z2tw5Mgg==}
    cpu: [riscv64]
    os: [linux]

  '@rollup/rollup-linux-riscv64-musl@4.62.2':
    resolution: {integrity: sha512-nQts12zJ3NQRoE6uYljOH89v7szzLDvG2JD/vsX+vGXU8w/At1GowTZ5/7qeFQ8m7L55rpR8Okugnuo5bgjy2Q==}
    cpu: [riscv64]
    os: [linux]

  '@rollup/rollup-linux-s390x-gnu@4.62.2':
    resolution: {integrity: sha512-E9/ll019jhPIJgpzfZoIkBGhcz+kKNgVWYRY0zr9srBdPPFVpvOKW8VaJKUbeK+eZXyQF9ltME+Kk6affeaPgg==}
    cpu: [s390x]
    os: [linux]

  '@rollup/rollup-linux-x64-gnu@4.62.2':
    resolution: {integrity: sha512-5BqxR/pshjey51iliyzTD5Xi3EN0aLmQ2lZ3lvefVV9c82BvrLo2/6OT55iifpWBufs6kdwWbuOKS841DrmK9A==}
    cpu: [x64]
    os: [linux]

  '@rollup/rollup-linux-x64-musl@4.62.2':
    resolution: {integrity: sha512-uNN83XxQrRAh/w0/pmAfibcwyb6YWt4gP+dpnQKPVJshAloQ785ii8CT8ZCIxkGg9opVsvAlGhFitSm6D1Jjpg==}
    cpu: [x64]
    os: [linux]

  '@rollup/rollup-openbsd-x64@4.62.2':
    resolution: {integrity: sha512-srjEIxSH3LRnJN6THczDHWQplqEMFiAJrTab0msUryh9kwNpkICf3Ea6q6MN/2cZwRFUNx5w+h6Hpi4QuHS6Zg==}
    cpu: [x64]
    os: [openbsd]

  '@rollup/rollup-openharmony-arm64@4.62.2':
    resolution: {integrity: sha512-8hOJnxgbyObnCm5AlRA3A931xX19xq80RjVTKgJOvEKWqJruP/Uf12IbAOaDjjEXYRewwHLfmF0YRIdK3OwKWA==}
    cpu: [arm64]
    os: [openharmony]

  '@rollup/rollup-win32-arm64-msvc@4.62.2':
    resolution: {integrity: sha512-mmF4AY1i0hG/bLWUctUq59gtmgaSIRa3cu/A3JFRp/sCNEme2bgDEiDS22P9FbnJB8NJNF4jPJiSP5RHQpUTDg==}
    cpu: [arm64]
    os: [win32]

  '@rollup/rollup-win32-ia32-msvc@4.62.2':
    resolution: {integrity: sha512-DZgkknc6jhHrk46V25vbAM0zZkyP0nSDkJB8/dRkLTxv470dOmWDqGoEJl/9A0dFfS7yE3REOwNDxpHwSLSt0Q==}
    cpu: [ia32]
    os: [win32]

  '@rollup/rollup-win32-x64-gnu@4.62.2':
    resolution: {integrity: sha512-T6xr6ucWSFto+VGajA8YH26LdpHRuP4YLHEKAtCWvJDOlnmWcDZVCI2Jmjr+IFHDlt2zRaTAKE4tfjTaWLgJBg==}
    cpu: [x64]
    os: [win32]

  '@rollup/rollup-win32-x64-msvc@4.62.2':
    resolution: {integrity: sha512-BfzEnDJOt9T8M989/lA37EcJgat01wLRnoi5dQf3QzOH7jzpqTAzdDbVfRljVr5r+jzKqpbHeyOfAaXxAd0PAA==}
    cpu: [x64]
    os: [win32]

  '@sxzz/popperjs-es@2.11.8':
    resolution: {integrity: sha512-wOwESXvvED3S8xBmcPWHs2dUuzrE4XiZeFu7e1hROIJkm02a49N120pmOXxY33sBb6hArItm5W5tcg1cBtV+HQ==}

  '@types/estree@1.0.9':
    resolution: {integrity: sha512-GhdPgy1el4/ImP05X05Uw4cw2/M93BCUmnEvWZNStlCzEKME4Fkk+YpoA5OiHNQmoS7Cafb8Xa3Pya8m1Qrzeg==}

  '@types/lodash-es@4.17.12':
    resolution: {integrity: sha512-0NgftHUcV4v34VhXm8QBSftKVXtbkBG3ViCjs6+eJ5a6y6Mi/jiFGPc1sC7QK+9BFhWrURE3EOggmWaSxL9OzQ==}

  '@types/lodash@4.17.24':
    resolution: {integrity: sha512-gIW7lQLZbue7lRSWEFql49QJJWThrTFFeIMJdp3eH4tKoxm1OvEPg02rm4wCCSHS0cL3/Fizimb35b7k8atwsQ==}

  '@types/web-bluetooth@0.0.21':
    resolution: {integrity: sha512-oIQLCGWtcFZy2JW77j9k8nHzAOpqMHLQejDA48XXMWH6tjCQHz5RCFz1bzsmROyL6PUm+LLnUiI4BCn221inxA==}

  '@vitejs/plugin-vue@5.2.4':
    resolution: {integrity: sha512-7Yx/SXSOcQq5HiiV3orevHUFn+pmMB4cgbEkDYgnkUWb0WfeQ/wa2yFv6D5ICiCQOVpjA7vYDXrC7AGO8yjDHA==}
    engines: {node: ^18.0.0 || >=20.0.0}
    peerDependencies:
      vite: ^5.0.0 || ^6.0.0
      vue: ^3.2.25

  '@volar/language-core@2.4.15':
    resolution: {integrity: sha512-3VHw+QZU0ZG9IuQmzT68IyN4hZNd9GchGPhbD9+pa8CVv7rnoOZwo7T8weIbrRmihqy3ATpdfXFnqRrfPVK6CA==}

  '@volar/source-map@2.4.15':
    resolution: {integrity: sha512-CPbMWlUN6hVZJYGcU/GSoHu4EnCHiLaXI9n8c9la6RaI9W5JHX+NqG+GSQcB0JdC2FIBLdZJwGsfKyBB71VlTg==}

  '@volar/typescript@2.4.15':
    resolution: {integrity: sha512-2aZ8i0cqPGjXb4BhkMsPYDkkuc2ZQ6yOpqwAuNwUoncELqoy5fRgOQtLR9gB0g902iS0NAkvpIzs27geVyVdPg==}

  '@vue/compiler-core@3.5.38':
    resolution: {integrity: sha512-s99aGxWYig9ErHbct27KXEGhrBYlRI6c4MwAgXErOAbX9xiW37/uMa+XUDO69zLz83dng8UUZ70CTOJrLrYrEQ==}

  '@vue/compiler-dom@3.5.38':
    resolution: {integrity: sha512-JTqp25l8aFfJYF7/KmsXZjAxJz7T+SjmTJLoXVjHtc2BrSgSiW2n9Aem/cWq1OPe68A8JL06B3eVdhlP0H4TVw==}

  '@vue/compiler-sfc@3.5.38':
    resolution: {integrity: sha512-DuA2GiZawSEW442iw/9+Fkol8hTgb4Ke5KkhmSry65QA7YuyMbIdy8p0XZRMvNwJdgRz307W8g1CSzdvS4nuNg==}

  '@vue/compiler-ssr@3.5.38':
    resolution: {integrity: sha512-7s+W5Gc42FGxZMcuwl8H5B29T8BJPMdBT7KHFE+BbAuZ/iTEdTtv7z2XiMjiaUUw4w3ZcCEdHs36RuYJ2VA7bA==}

  '@vue/compiler-vue2@2.7.16':
    resolution: {integrity: sha512-qYC3Psj9S/mfu9uVi5WvNZIzq+xnXMhOwbTFKKDD7b1lhpnn71jXSFdTQ+WsIEk0ONCd7VV2IMm7ONl6tbQ86A==}

  '@vue/devtools-api@6.6.4':
    resolution: {integrity: sha512-sGhTPMuXqZ1rVOk32RylztWkfXTRhuS7vgAKv0zjqk8gbsHkJ7xfFf+jbySxt7tWObEJwyKaHMikV/WGDiQm8g==}

  '@vue/language-core@2.2.12':
    resolution: {integrity: sha512-IsGljWbKGU1MZpBPN+BvPAdr55YPkj2nB/TBNGNC32Vy2qLG25DYu/NBN2vNtZqdRbTRjaoYrahLrToim2NanA==}
    peerDependencies:
      typescript: '*'
    peerDependenciesMeta:
      typescript:
        optional: true

  '@vue/reactivity@3.5.38':
    resolution: {integrity: sha512-pG6LV/NDNRbKizcUjFFLAfjaL8mcv4DmR9avNcUw2gDHBzZneuS2TWCmp633ynzxz9YYKNeEPK2I8Wraqy2HUQ==}

  '@vue/runtime-core@3.5.38':
    resolution: {integrity: sha512-iyW8WVfF1CpCXxncZY5Ei6rSd6oZr5DgEom//fUjRBRl56AXPD+s9ATvukRt77ZFTuYlnVA1bxY+dJB94tWVYw==}

  '@vue/runtime-dom@3.5.38':
    resolution: {integrity: sha512-apX2wt9sdfDshS+a2xueFZLVpt0GkRJZSoPmrW/SA4yzXTznhfcMVW59gr7h4YQeY0vJhdJkk2rsIDwgfFgC5A==}

  '@vue/server-renderer@3.5.38':
    resolution: {integrity: sha512-vue8vbf2QlV4quHqzwmJy6dWfmRhP1J8l4wtZg60CL6VoKqcPY2oe7may3+1d9qfpedjK5PRLFqd5k3Isj9mUw==}
    peerDependencies:
      vue: 3.5.38

  '@vue/shared@3.5.38':
    resolution: {integrity: sha512-FTW0AFZNaK5/mOqvGBwVfUlNLU38TiQn4+DQgIFUnrBBJQ1crMJ82yeGQLV5jyKFsO8yRukpbuP7x+nRbH6aug==}

  '@vueuse/core@14.3.0':
    resolution: {integrity: sha512-aHfz47g0ZhMtTVHmIzMVpJy8ePhhOy68GY5bv110+5DVtZ+W7BsOx+m61UNQqfrWyPztIHIanWa3E2tib3NFIw==}
    peerDependencies:
      vue: ^3.5.0

  '@vueuse/metadata@14.3.0':
    resolution: {integrity: sha512-BwxmbAzwAVF50+MW57GXOUEV61nFBGnlBvrTqj49PqWJu3uw7hdu72ztXeZ33RdZtDY6kO+bfCAE1PCn88Tktw==}

  '@vueuse/shared@14.3.0':
    resolution: {integrity: sha512-bZpge9eSXwa4ToSiqJ7j6KRwhAsneMFoSz3LMWKQDkqimm3D/tbFlrklrs/IOqC8tEcYmXQZJ6N0UrjhBirVCg==}
    peerDependencies:
      vue: ^3.5.0

  alien-signals@1.0.13:
    resolution: {integrity: sha512-OGj9yyTnJEttvzhTUWuscOvtqxq5vrhF7vL9oS0xJ2mK0ItPYP1/y+vCFebfxoEyAz0++1AIwJ5CMr+Fk3nDmg==}

  async-validator@4.2.5:
    resolution: {integrity: sha512-7HhHjtERjqlNbZtqNqy2rckN/SpOOlmDliet+lP7k+eKZEjPk3DgyeU9lIXLdeLz0uBbbVp+9Qdow9wJWgwwfg==}

  balanced-match@1.0.2:
    resolution: {integrity: sha512-3oSeUO0TMV67hN1AmbXsK4yaqU7tjiHlbxRDZOpH0KW9+CeX4bRAaX0Anxt0tx2MrpRpWwQaPwIlISEJhYU5Pw==}

  brace-expansion@2.1.1:
    resolution: {integrity: sha512-WR1cURNjuvBLMZBMbqM0UoE+WAfdUcEV1ccD8PVBVOI+Z3ND4+SZbN8RsfT2bMuG1qwz5RFvPukSZm5fF2D5eA==}

  csstype@3.2.3:
    resolution: {integrity: sha512-z1HGKcYy2xA8AGQfwrn0PAy+PB7X/GSj3UVJW9qKyn43xWa+gl5nXmU4qqLMRzWVLFC8KusUX8T/0kCiOYpAIQ==}

  dayjs@1.11.21:
    resolution: {integrity: sha512-98IT+HOahAisibz/yjKbzuOBwYcjJ7BCLPzARyHiyEBmRz4fatF+KPJszEHXsGYjUG234aH/cOjW1wwTbKUZlA==}

  de-indent@1.0.2:
    resolution: {integrity: sha512-e/1zu3xH5MQryN2zdVaF0OrdNLUbvWxzMbi+iNA6Bky7l1RoP8a2fIbRocyHclXt/arDrrR6lL3TqFD9pMQTsg==}

  echarts@5.6.0:
    resolution: {integrity: sha512-oTbVTsXfKuEhxftHqL5xprgLoc0k7uScAwtryCgWF6hPYFLRwOUHiFmHGCBKP5NPFNkDVopOieyUqYGH8Fa3kA==}

  element-plus@2.14.2:
    resolution: {integrity: sha512-eNH9uP3wQoNqieEIHXiNvIVv+zO5sZDU0CAZq5b0zqSN06DD0/V9xIq1R/qm3rw5k3nBTM1JvpxhCfRbaFLzDQ==}
    peerDependencies:
      vue: ^3.3.7

  entities@7.0.1:
    resolution: {integrity: sha512-TWrgLOFUQTH994YUyl1yT4uyavY5nNB5muff+RtWaqNVCAK408b5ZnnbNAUEWLTCpum9w6arT70i1XdQ4UeOPA==}
    engines: {node: '>=0.12'}

  esbuild@0.21.5:
    resolution: {integrity: sha512-mg3OPMV4hXywwpoDxu3Qda5xCKQi+vCTZq8S9J/EpkhB2HzKXq4SNFZE3+NK93JYxc8VMSep+lOUSC/RVKaBqw==}
    engines: {node: '>=12'}
    hasBin: true

  estree-walker@2.0.2:
    resolution: {integrity: sha512-Rfkk/Mp/DL7JVje3u18FxFujQlTNR2q6QfMSMB7AvCBx91NGj/ba3kCfza0f6dVDbw7YlRf/nDrn7pQrCCyQ/w==}

  fsevents@2.3.3:
    resolution: {integrity: sha512-5xoDfX+fL7faATnagmWPpbFtwh/R77WmMMqqHGS65C3vvB0YHrgF+B1YmZ3441tMj5n63k0212XNoJwzlhffQw==}
    engines: {node: ^8.16.0 || ^10.6.0 || >=11.0.0}
    os: [darwin]

  he@1.2.0:
    resolution: {integrity: sha512-F/1DnUGPopORZi0ni+CvrCgHQ5FyEAHRLSApuYWMmrbSwoN2Mn/7k+Gl38gJnR7yyDZk6WLXwiGod1JOWNDKGw==}
    hasBin: true

  lodash-es@4.18.1:
    resolution: {integrity: sha512-J8xewKD/Gk22OZbhpOVSwcs60zhd95ESDwezOFuA3/099925PdHJ7OFHNTGtajL3AlZkykD32HykiMo+BIBI8A==}

  lodash-unified@1.0.3:
    resolution: {integrity: sha512-WK9qSozxXOD7ZJQlpSqOT+om2ZfcT4yO+03FuzAHD0wF6S0l0090LRPDx3vhTTLZ8cFKpBn+IOcVXK6qOcIlfQ==}
    peerDependencies:
      '@types/lodash-es': '*'
      lodash: '*'
      lodash-es: '*'

  lodash@4.18.1:
    resolution: {integrity: sha512-dMInicTPVE8d1e5otfwmmjlxkZoUpiVLwyeTdUsi/Caj/gfzzblBcCE5sRHV/AsjuCmxWrte2TNGSYuCeCq+0Q==}

  magic-string@0.30.21:
    resolution: {integrity: sha512-vd2F4YUyEXKGcLHoq+TEyCjxueSeHnFxyyjNp80yg0XV4vUhnDer/lvvlqM/arB5bXQN5K2/3oinyCRyx8T2CQ==}

  memoize-one@6.0.0:
    resolution: {integrity: sha512-rkpe71W0N0c0Xz6QD0eJETuWAJGnJ9afsl1srmwPrI+yBCkge5EycXXbYRyvL29zZVUWQCY7InPRCv3GDXuZNw==}

  minimatch@9.0.9:
    resolution: {integrity: sha512-OBwBN9AL4dqmETlpS2zasx+vTeWclWzkblfZk7KTA5j3jeOONz/tRCnZomUyvNg83wL5Zv9Ss6HMJXAgL8R2Yg==}
    engines: {node: '>=16 || 14 >=14.17'}

  muggle-string@0.4.1:
    resolution: {integrity: sha512-VNTrAak/KhO2i8dqqnqnAHOa3cYBwXEZe9h+D5h/1ZqFSTEFHdM65lR7RoIqq3tBBYavsOXV84NoHXZ0AkPyqQ==}

  nanoid@3.3.13:
    resolution: {integrity: sha512-sPdqC6ByMVVGvF1ynvvMo0/o+oD1VX7DaHhijt1bFgjvBkHBib4t49GoNDhf2NDta4oeUNlaGbSt5K7qjZ955Q==}
    engines: {node: ^10 || ^12 || ^13.7 || ^14 || >=15.0.1}
    hasBin: true

  normalize-wheel-es@1.2.0:
    resolution: {integrity: sha512-Wj7+EJQ8mSuXr2iWfnujrimU35R2W4FAErEyTmJoJ7ucwTn2hOUSsRehMb5RSYkxXGTM7Y9QpvPmp++w5ftoJw==}

  path-browserify@1.0.1:
    resolution: {integrity: sha512-b7uo2UCUOYZcnF/3ID0lulOJi/bafxa1xPe7ZPsammBSpjSWQkjNxlt635YGS2MiR9GjvuXCtz2emr3jbsz98g==}

  picocolors@1.1.1:
    resolution: {integrity: sha512-xceH2snhtb5M9liqDsmEw56le376mTZkEX/jEb/RxNFyegNul7eNslCXP9FDj/Lcu0X8KEyMceP2ntpaHrDEVA==}

  pinia@2.3.1:
    resolution: {integrity: sha512-khUlZSwt9xXCaTbbxFYBKDc/bWAGWJjOgvxETwkTN7KRm66EeT1ZdZj6i2ceh9sP2Pzqsbc704r2yngBrxBVug==}
    peerDependencies:
      typescript: '>=4.4.4'
      vue: ^2.7.0 || ^3.5.11
    peerDependenciesMeta:
      typescript:
        optional: true

  postcss@8.5.15:
    resolution: {integrity: sha512-FfR8sjd4em2T6fb3I2MwAJU7HWVMr9zba+enmQeeWFfCbm+UOC/0X4DS8XtpUTMwWMGbjKYP7xjfNekzyGmB3A==}
    engines: {node: ^10 || ^12 || >=14}

  rollup@4.62.2:
    resolution: {integrity: sha512-RFnrW4lhXA3s3eqHDZvN654g8OTjzRfqpIRJYczCGB6HzphckVAi/Qh4tbPUbRuDi7s1Llv8g/NspLkttY3gTA==}
    engines: {node: '>=18.0.0', npm: '>=8.0.0'}
    hasBin: true

  source-map-js@1.2.1:
    resolution: {integrity: sha512-UXWMKhLOwVKb728IUtQPXxfYU+usdybtUrK/8uGE8CQMvrhOpwvzDBwj0QhSL7MQc7vIsISBG8VQ8+IDQxpfQA==}
    engines: {node: '>=0.10.0'}

  tslib@2.3.0:
    resolution: {integrity: sha512-N82ooyxVNm6h1riLCoyS9e3fuJ3AMG2zIZs2Gd1ATcSFjSA23Q0fzjjZeh0jbJvWVDZ0cJT8yaNNaaXHzueNjg==}

  typescript@5.9.3:
    resolution: {integrity: sha512-jl1vZzPDinLr9eUt3J/t7V6FgNEw9QjvBPdysz9KfQDD41fQrC2Y4vKQdiaUpFT4bXlb1RHhLpp8wtm6M5TgSw==}
    engines: {node: '>=14.17'}
    hasBin: true

  vite@5.4.21:
    resolution: {integrity: sha512-o5a9xKjbtuhY6Bi5S3+HvbRERmouabWbyUcpXXUA1u+GNUKoROi9byOJ8M0nHbHYHkYICiMlqxkg1KkYmm25Sw==}
    engines: {node: ^18.0.0 || >=20.0.0}
    hasBin: true
    peerDependencies:
      '@types/node': ^18.0.0 || >=20.0.0
      less: '*'
      lightningcss: ^1.21.0
      sass: '*'
      sass-embedded: '*'
      stylus: '*'
      sugarss: '*'
      terser: ^5.4.0
    peerDependenciesMeta:
      '@types/node':
        optional: true
      less:
        optional: true
      lightningcss:
        optional: true
      sass:
        optional: true
      sass-embedded:
        optional: true
      stylus:
        optional: true
      sugarss:
        optional: true
      terser:
        optional: true

  vscode-uri@3.1.0:
    resolution: {integrity: sha512-/BpdSx+yCQGnCvecbyXdxHDkuk55/G3xwnC0GqY4gmQ3j+A+g8kzzgB4Nk/SINjqn6+waqw3EgbVF2QKExkRxQ==}

  vue-component-type-helpers@3.3.5:
    resolution: {integrity: sha512-Fe1jyPJoUGpJOYKOri44jduR7My4yYINOMJISuMAbmrs+L5LbIDUc8NTWZYY3EJLK0yPLuCmcd5zoCsE4k2/KA==}

  vue-demi@0.14.10:
    resolution: {integrity: sha512-nMZBOwuzabUO0nLgIcc6rycZEebF6eeUfaiQx9+WSk8e29IbLvPU9feI6tqW4kTo3hvoYAJkMh8n8D0fuISphg==}
    engines: {node: '>=12'}
    hasBin: true
    peerDependencies:
      '@vue/composition-api': ^1.0.0-rc.1
      vue: ^3.0.0-0 || ^2.6.0
    peerDependenciesMeta:
      '@vue/composition-api':
        optional: true

  vue-router@4.6.4:
    resolution: {integrity: sha512-Hz9q5sa33Yhduglwz6g9skT8OBPii+4bFn88w6J+J4MfEo4KRRpmiNG/hHHkdbRFlLBOqxN8y8gf2Fb0MTUgVg==}
    peerDependencies:
      vue: ^3.5.0

  vue-tsc@2.2.12:
    resolution: {integrity: sha512-P7OP77b2h/Pmk+lZdJ0YWs+5tJ6J2+uOQPo7tlBnY44QqQSPYvS0qVT4wqDJgwrZaLe47etJLLQRFia71GYITw==}
    hasBin: true
    peerDependencies:
      typescript: '>=5.0.0'

  vue-virtual-scroller@3.0.4:
    resolution: {integrity: sha512-3qh3c9VUVysuXynaa4fVZ3ncx3VgD7EPRiQcj+jUVZl5u/TTkD3c27XvSEu3JGJfsJt/vVTVziZ3djiiHtW4cQ==}
    peerDependencies:
      vue: ^3.3.0

  vue@3.5.38:
    resolution: {integrity: sha512-vAMKHfImQlYSy0C+PBue4s3ERZ2xGKfgZg5GXAsLInq1dyh2H78ILVP5sK0KPFPVW4kv+OGCIvBEondcjpZp7A==}
    peerDependencies:
      typescript: '*'
    peerDependenciesMeta:
      typescript:
        optional: true

  zrender@5.6.1:
    resolution: {integrity: sha512-OFXkDJKcrlx5su2XbzJvj/34Q3m6PvyCZkVPHGYpcCJ52ek4U/ymZyfuV1nKE23AyBJ51E/6Yr0mhZ7xGTO4ag==}

snapshots:

  '@babel/helper-string-parser@7.29.7': {}

  '@babel/helper-validator-identifier@7.29.7': {}

  '@babel/parser@7.29.7':
    dependencies:
      '@babel/types': 7.29.7

  '@babel/types@7.29.7':
    dependencies:
      '@babel/helper-string-parser': 7.29.7
      '@babel/helper-validator-identifier': 7.29.7

  '@ctrl/tinycolor@4.2.0': {}

  '@element-plus/icons-vue@2.3.2(vue@3.5.38(typescript@5.9.3))':
    dependencies:
      vue: 3.5.38(typescript@5.9.3)

  '@esbuild/aix-ppc64@0.21.5':
    optional: true

  '@esbuild/android-arm64@0.21.5':
    optional: true

  '@esbuild/android-arm@0.21.5':
    optional: true

  '@esbuild/android-x64@0.21.5':
    optional: true

  '@esbuild/darwin-arm64@0.21.5':
    optional: true

  '@esbuild/darwin-x64@0.21.5':
    optional: true

  '@esbuild/freebsd-arm64@0.21.5':
    optional: true

  '@esbuild/freebsd-x64@0.21.5':
    optional: true

  '@esbuild/linux-arm64@0.21.5':
    optional: true

  '@esbuild/linux-arm@0.21.5':
    optional: true

  '@esbuild/linux-ia32@0.21.5':
    optional: true

  '@esbuild/linux-loong64@0.21.5':
    optional: true

  '@esbuild/linux-mips64el@0.21.5':
    optional: true

  '@esbuild/linux-ppc64@0.21.5':
    optional: true

  '@esbuild/linux-riscv64@0.21.5':
    optional: true

  '@esbuild/linux-s390x@0.21.5':
    optional: true

  '@esbuild/linux-x64@0.21.5':
    optional: true

  '@esbuild/netbsd-x64@0.21.5':
    optional: true

  '@esbuild/openbsd-x64@0.21.5':
    optional: true

  '@esbuild/sunos-x64@0.21.5':
    optional: true

  '@esbuild/win32-arm64@0.21.5':
    optional: true

  '@esbuild/win32-ia32@0.21.5':
    optional: true

  '@esbuild/win32-x64@0.21.5':
    optional: true

  '@floating-ui/core@1.7.5':
    dependencies:
      '@floating-ui/utils': 0.2.11

  '@floating-ui/dom@1.7.6':
    dependencies:
      '@floating-ui/core': 1.7.5
      '@floating-ui/utils': 0.2.11

  '@floating-ui/utils@0.2.11': {}

  '@jridgewell/sourcemap-codec@1.5.5': {}

  '@rollup/rollup-android-arm-eabi@4.62.2':
    optional: true

  '@rollup/rollup-android-arm64@4.62.2':
    optional: true

  '@rollup/rollup-darwin-arm64@4.62.2':
    optional: true

  '@rollup/rollup-darwin-x64@4.62.2':
    optional: true

  '@rollup/rollup-freebsd-arm64@4.62.2':
    optional: true

  '@rollup/rollup-freebsd-x64@4.62.2':
    optional: true

  '@rollup/rollup-linux-arm-gnueabihf@4.62.2':
    optional: true

  '@rollup/rollup-linux-arm-musleabihf@4.62.2':
    optional: true

  '@rollup/rollup-linux-arm64-gnu@4.62.2':
    optional: true

  '@rollup/rollup-linux-arm64-musl@4.62.2':
    optional: true

  '@rollup/rollup-linux-loong64-gnu@4.62.2':
    optional: true

  '@rollup/rollup-linux-loong64-musl@4.62.2':
    optional: true

  '@rollup/rollup-linux-ppc64-gnu@4.62.2':
    optional: true

  '@rollup/rollup-linux-ppc64-musl@4.62.2':
    optional: true

  '@rollup/rollup-linux-riscv64-gnu@4.62.2':
    optional: true

  '@rollup/rollup-linux-riscv64-musl@4.62.2':
    optional: true

  '@rollup/rollup-linux-s390x-gnu@4.62.2':
    optional: true

  '@rollup/rollup-linux-x64-gnu@4.62.2':
    optional: true

  '@rollup/rollup-linux-x64-musl@4.62.2':
    optional: true

  '@rollup/rollup-openbsd-x64@4.62.2':
    optional: true

  '@rollup/rollup-openharmony-arm64@4.62.2':
    optional: true

  '@rollup/rollup-win32-arm64-msvc@4.62.2':
    optional: true

  '@rollup/rollup-win32-ia32-msvc@4.62.2':
    optional: true

  '@rollup/rollup-win32-x64-gnu@4.62.2':
    optional: true

  '@rollup/rollup-win32-x64-msvc@4.62.2':
    optional: true

  '@sxzz/popperjs-es@2.11.8': {}

  '@types/estree@1.0.9': {}

  '@types/lodash-es@4.17.12':
    dependencies:
      '@types/lodash': 4.17.24

  '@types/lodash@4.17.24': {}

  '@types/web-bluetooth@0.0.21': {}

  '@vitejs/plugin-vue@5.2.4(vite@5.4.21)(vue@3.5.38(typescript@5.9.3))':
    dependencies:
      vite: 5.4.21
      vue: 3.5.38(typescript@5.9.3)

  '@volar/language-core@2.4.15':
    dependencies:
      '@volar/source-map': 2.4.15

  '@volar/source-map@2.4.15': {}

  '@volar/typescript@2.4.15':
    dependencies:
      '@volar/language-core': 2.4.15
      path-browserify: 1.0.1
      vscode-uri: 3.1.0

  '@vue/compiler-core@3.5.38':
    dependencies:
      '@babel/parser': 7.29.7
      '@vue/shared': 3.5.38
      entities: 7.0.1
      estree-walker: 2.0.2
      source-map-js: 1.2.1

  '@vue/compiler-dom@3.5.38':
    dependencies:
      '@vue/compiler-core': 3.5.38
      '@vue/shared': 3.5.38

  '@vue/compiler-sfc@3.5.38':
    dependencies:
      '@babel/parser': 7.29.7
      '@vue/compiler-core': 3.5.38
      '@vue/compiler-dom': 3.5.38
      '@vue/compiler-ssr': 3.5.38
      '@vue/shared': 3.5.38
      estree-walker: 2.0.2
      magic-string: 0.30.21
      postcss: 8.5.15
      source-map-js: 1.2.1

  '@vue/compiler-ssr@3.5.38':
    dependencies:
      '@vue/compiler-dom': 3.5.38
      '@vue/shared': 3.5.38

  '@vue/compiler-vue2@2.7.16':
    dependencies:
      de-indent: 1.0.2
      he: 1.2.0

  '@vue/devtools-api@6.6.4': {}

  '@vue/language-core@2.2.12(typescript@5.9.3)':
    dependencies:
      '@volar/language-core': 2.4.15
      '@vue/compiler-dom': 3.5.38
      '@vue/compiler-vue2': 2.7.16
      '@vue/shared': 3.5.38
      alien-signals: 1.0.13
      minimatch: 9.0.9
      muggle-string: 0.4.1
      path-browserify: 1.0.1
    optionalDependencies:
      typescript: 5.9.3

  '@vue/reactivity@3.5.38':
    dependencies:
      '@vue/shared': 3.5.38

  '@vue/runtime-core@3.5.38':
    dependencies:
      '@vue/reactivity': 3.5.38
      '@vue/shared': 3.5.38

  '@vue/runtime-dom@3.5.38':
    dependencies:
      '@vue/reactivity': 3.5.38
      '@vue/runtime-core': 3.5.38
      '@vue/shared': 3.5.38
      csstype: 3.2.3

  '@vue/server-renderer@3.5.38(vue@3.5.38(typescript@5.9.3))':
    dependencies:
      '@vue/compiler-ssr': 3.5.38
      '@vue/shared': 3.5.38
      vue: 3.5.38(typescript@5.9.3)

  '@vue/shared@3.5.38': {}

  '@vueuse/core@14.3.0(vue@3.5.38(typescript@5.9.3))':
    dependencies:
      '@types/web-bluetooth': 0.0.21
      '@vueuse/metadata': 14.3.0
      '@vueuse/shared': 14.3.0(vue@3.5.38(typescript@5.9.3))
      vue: 3.5.38(typescript@5.9.3)

  '@vueuse/metadata@14.3.0': {}

  '@vueuse/shared@14.3.0(vue@3.5.38(typescript@5.9.3))':
    dependencies:
      vue: 3.5.38(typescript@5.9.3)

  alien-signals@1.0.13: {}

  async-validator@4.2.5: {}

  balanced-match@1.0.2: {}

  brace-expansion@2.1.1:
    dependencies:
      balanced-match: 1.0.2

  csstype@3.2.3: {}

  dayjs@1.11.21: {}

  de-indent@1.0.2: {}

  echarts@5.6.0:
    dependencies:
      tslib: 2.3.0
      zrender: 5.6.1

  element-plus@2.14.2(vue@3.5.38(typescript@5.9.3)):
    dependencies:
      '@ctrl/tinycolor': 4.2.0
      '@element-plus/icons-vue': 2.3.2(vue@3.5.38(typescript@5.9.3))
      '@floating-ui/dom': 1.7.6
      '@popperjs/core': '@sxzz/popperjs-es@2.11.8'
      '@types/lodash': 4.17.24
      '@types/lodash-es': 4.17.12
      '@vueuse/core': 14.3.0(vue@3.5.38(typescript@5.9.3))
      async-validator: 4.2.5
      dayjs: 1.11.21
      lodash: 4.18.1
      lodash-es: 4.18.1
      lodash-unified: 1.0.3(@types/lodash-es@4.17.12)(lodash-es@4.18.1)(lodash@4.18.1)
      memoize-one: 6.0.0
      normalize-wheel-es: 1.2.0
      vue: 3.5.38(typescript@5.9.3)
      vue-component-type-helpers: 3.3.5

  entities@7.0.1: {}

  esbuild@0.21.5:
    optionalDependencies:
      '@esbuild/aix-ppc64': 0.21.5
      '@esbuild/android-arm': 0.21.5
      '@esbuild/android-arm64': 0.21.5
      '@esbuild/android-x64': 0.21.5
      '@esbuild/darwin-arm64': 0.21.5
      '@esbuild/darwin-x64': 0.21.5
      '@esbuild/freebsd-arm64': 0.21.5
      '@esbuild/freebsd-x64': 0.21.5
      '@esbuild/linux-arm': 0.21.5
      '@esbuild/linux-arm64': 0.21.5
      '@esbuild/linux-ia32': 0.21.5
      '@esbuild/linux-loong64': 0.21.5
      '@esbuild/linux-mips64el': 0.21.5
      '@esbuild/linux-ppc64': 0.21.5
      '@esbuild/linux-riscv64': 0.21.5
      '@esbuild/linux-s390x': 0.21.5
      '@esbuild/linux-x64': 0.21.5
      '@esbuild/netbsd-x64': 0.21.5
      '@esbuild/openbsd-x64': 0.21.5
      '@esbuild/sunos-x64': 0.21.5
      '@esbuild/win32-arm64': 0.21.5
      '@esbuild/win32-ia32': 0.21.5
      '@esbuild/win32-x64': 0.21.5

  estree-walker@2.0.2: {}

  fsevents@2.3.3:
    optional: true

  he@1.2.0: {}

  lodash-es@4.18.1: {}

  lodash-unified@1.0.3(@types/lodash-es@4.17.12)(lodash-es@4.18.1)(lodash@4.18.1):
    dependencies:
      '@types/lodash-es': 4.17.12
      lodash: 4.18.1
      lodash-es: 4.18.1

  lodash@4.18.1: {}

  magic-string@0.30.21:
    dependencies:
      '@jridgewell/sourcemap-codec': 1.5.5

  memoize-one@6.0.0: {}

  minimatch@9.0.9:
    dependencies:
      brace-expansion: 2.1.1

  muggle-string@0.4.1: {}

  nanoid@3.3.13: {}

  normalize-wheel-es@1.2.0: {}

  path-browserify@1.0.1: {}

  picocolors@1.1.1: {}

  pinia@2.3.1(typescript@5.9.3)(vue@3.5.38(typescript@5.9.3)):
    dependencies:
      '@vue/devtools-api': 6.6.4
      vue: 3.5.38(typescript@5.9.3)
      vue-demi: 0.14.10(vue@3.5.38(typescript@5.9.3))
    optionalDependencies:
      typescript: 5.9.3
    transitivePeerDependencies:
      - '@vue/composition-api'

  postcss@8.5.15:
    dependencies:
      nanoid: 3.3.13
      picocolors: 1.1.1
      source-map-js: 1.2.1

  rollup@4.62.2:
    dependencies:
      '@types/estree': 1.0.9
    optionalDependencies:
      '@rollup/rollup-android-arm-eabi': 4.62.2
      '@rollup/rollup-android-arm64': 4.62.2
      '@rollup/rollup-darwin-arm64': 4.62.2
      '@rollup/rollup-darwin-x64': 4.62.2
      '@rollup/rollup-freebsd-arm64': 4.62.2
      '@rollup/rollup-freebsd-x64': 4.62.2
      '@rollup/rollup-linux-arm-gnueabihf': 4.62.2
      '@rollup/rollup-linux-arm-musleabihf': 4.62.2
      '@rollup/rollup-linux-arm64-gnu': 4.62.2
      '@rollup/rollup-linux-arm64-musl': 4.62.2
      '@rollup/rollup-linux-loong64-gnu': 4.62.2
      '@rollup/rollup-linux-loong64-musl': 4.62.2
      '@rollup/rollup-linux-ppc64-gnu': 4.62.2
      '@rollup/rollup-linux-ppc64-musl': 4.62.2
      '@rollup/rollup-linux-riscv64-gnu': 4.62.2
      '@rollup/rollup-linux-riscv64-musl': 4.62.2
      '@rollup/rollup-linux-s390x-gnu': 4.62.2
      '@rollup/rollup-linux-x64-gnu': 4.62.2
      '@rollup/rollup-linux-x64-musl': 4.62.2
      '@rollup/rollup-openbsd-x64': 4.62.2
      '@rollup/rollup-openharmony-arm64': 4.62.2
      '@rollup/rollup-win32-arm64-msvc': 4.62.2
      '@rollup/rollup-win32-ia32-msvc': 4.62.2
      '@rollup/rollup-win32-x64-gnu': 4.62.2
      '@rollup/rollup-win32-x64-msvc': 4.62.2
      fsevents: 2.3.3

  source-map-js@1.2.1: {}

  tslib@2.3.0: {}

  typescript@5.9.3: {}

  vite@5.4.21:
    dependencies:
      esbuild: 0.21.5
      postcss: 8.5.15
      rollup: 4.62.2
    optionalDependencies:
      fsevents: 2.3.3

  vscode-uri@3.1.0: {}

  vue-component-type-helpers@3.3.5: {}

  vue-demi@0.14.10(vue@3.5.38(typescript@5.9.3)):
    dependencies:
      vue: 3.5.38(typescript@5.9.3)

  vue-router@4.6.4(vue@3.5.38(typescript@5.9.3)):
    dependencies:
      '@vue/devtools-api': 6.6.4
      vue: 3.5.38(typescript@5.9.3)

  vue-tsc@2.2.12(typescript@5.9.3):
    dependencies:
      '@volar/typescript': 2.4.15
      '@vue/language-core': 2.2.12(typescript@5.9.3)
      typescript: 5.9.3

  vue-virtual-scroller@3.0.4(vue@3.5.38(typescript@5.9.3)):
    dependencies:
      vue: 3.5.38(typescript@5.9.3)

  vue@3.5.38(typescript@5.9.3):
    dependencies:
      '@vue/compiler-dom': 3.5.38
      '@vue/compiler-sfc': 3.5.38
      '@vue/runtime-dom': 3.5.38
      '@vue/server-renderer': 3.5.38(vue@3.5.38(typescript@5.9.3))
      '@vue/shared': 3.5.38
    optionalDependencies:
      typescript: 5.9.3

  zrender@5.6.1:
    dependencies:
      tslib: 2.3.0
